schema: '2.0'
stages:
  Data_Collection:
    cmd: python src/Data_Collection.py
    deps:
    - path: src/Data_Collection.py
      hash: md5
      md5: b62ae6f55c8978a3c54c1bfaf8fdf01b
      size: 440
    outs:
    - path: data/raw
      hash: md5
      md5: 6943e655800134f51910892c621c7b98.dir
      size: 518984
      nfiles: 2
